{
  "originHash" : "eb79c69c5c38d3cadbfb45a947e3688b8ffa9977953eae3bcf0794b431c60e7d",
  "pins" : [
    {
      "identity" : "vd-swift",
      "kind" : "remoteSourceControl",
      "location" : "https://github.com/destro014/vd-swift",
      "state" : {
        "revision" : "7765f1e93f6e57ac30bdbc0be23f4444e8c2a478",
        "version" : "1.0.1"
      }
    }
  ],
  "version" : 3
}
