{
  "originHash" : "83b445b06225835c1c45b8026cce95a761ff62a0d808df18b8bf16cfcba26218",
  "pins" : [
    {
      "identity" : "vd-swift",
      "kind" : "remoteSourceControl",
      "location" : "https://github.com/vroxal/vd-swift",
      "state" : {
        "revision" : "61cf988bd164d7df916bbf2b2fcac48804983140",
        "version" : "1.0.1"
      }
    }
  ],
  "version" : 3
}
