{
  "originHash" : "83b445b06225835c1c45b8026cce95a761ff62a0d808df18b8bf16cfcba26218",
  "pins" : [
    {
      "identity" : "vd-swift",
      "kind" : "remoteSourceControl",
      "location" : "https://github.com/vroxal/vd-swift",
      "state" : {
        "revision" : "bab5afd262c95dbbd7dfaa7bdaa8541d10e1d2ca",
        "version" : "1.3.0"
      }
    }
  ],
  "version" : 3
}
